
Microsoft Visual Studio Solution File, Format Version 12.00
# Visual Studio 15
VisualStudioVersion = 15.0.28307.271
MinimumVisualStudioVersion = 10.0.40219.1
Project("{FAE04EC0-301F-11D3-BF4B-00C04F79EFBC}") = "rc_car_config", "rc_car_config\rc_car_config.csproj", "{FE9C8B47-B0E8-406F-9629-BDB2C14FE764}"
EndProject
Global
	GlobalSection(SolutionConfigurationPlatforms) = preSolution
		Debug|Any CPU = Debug|Any CPU
		Release|Any CPU = Release|Any CPU
	EndGlobalSection
	GlobalSection(ProjectConfigurationPlatforms) = postSolution
		{FE9C8B47-B0E8-406F-9629-BDB2C14FE764}.Debug|Any CPU.ActiveCfg = Debug|Any CPU
		{FE9C8B47-B0E8-406F-9629-BDB2C14FE764}.Debug|Any CPU.Build.0 = Debug|Any CPU
		{FE9C8B47-B0E8-406F-9629-BDB2C14FE764}.Release|Any CPU.ActiveCfg = Release|Any CPU
		{FE9C8B47-B0E8-406F-9629-BDB2C14FE764}.Release|Any CPU.Build.0 = Release|Any CPU
	EndGlobalSection
	GlobalSection(SolutionProperties) = preSolution
		HideSolutionNode = FALSE
	EndGlobalSection
	GlobalSection(ExtensibilityGlobals) = postSolution
		SolutionGuid = {F73199B8-669B-4035-AFD5-B1A73154DDDE}
	EndGlobalSection
EndGlobal
